
Microsoft Visual Studio Solution File, Format Version 12.00
# Visual Studio Version 17
VisualStudioVersion = 17.9.34714.143
MinimumVisualStudioVersion = 10.0.40219.1
Project("{FAE04EC0-301F-11D3-BF4B-00C04F79EFBC}") = "GamesHubApi", "GamesHubApi\GamesHubApi.csproj", "{58F9F042-ED6E-403D-9410-5D3B7A6DC8A7}"
EndProject
Global
	GlobalSection(SolutionConfigurationPlatforms) = preSolution
		Debug|Any CPU = Debug|Any CPU
		Release|Any CPU = Release|Any CPU
	EndGlobalSection
	GlobalSection(ProjectConfigurationPlatforms) = postSolution
		{58F9F042-ED6E-403D-9410-5D3B7A6DC8A7}.Debug|Any CPU.ActiveCfg = Debug|Any CPU
		{58F9F042-ED6E-403D-9410-5D3B7A6DC8A7}.Debug|Any CPU.Build.0 = Debug|Any CPU
		{58F9F042-ED6E-403D-9410-5D3B7A6DC8A7}.Release|Any CPU.ActiveCfg = Release|Any CPU
		{58F9F042-ED6E-403D-9410-5D3B7A6DC8A7}.Release|Any CPU.Build.0 = Release|Any CPU
	EndGlobalSection
	GlobalSection(SolutionProperties) = preSolution
		HideSolutionNode = FALSE
	EndGlobalSection
	GlobalSection(ExtensibilityGlobals) = postSolution
		SolutionGuid = {44127D4B-24AB-412C-BA26-ED3A70FF19CC}
	EndGlobalSection
EndGlobal
